
Microsoft Visual Studio Solution File, Format Version 12.00
# Visual Studio Version 17
VisualStudioVersion = 17.3.32825.248
MinimumVisualStudioVersion = 10.0.40219.1
Project("{9A19103F-16F7-4668-BE54-9A1E7A4F7556}") = "eCommerce.API", "eCommerce.API\eCommerce.API.csproj", "{D68E1979-AC31-4A51-A9B0-857DDC50146A}"
EndProject
Project("{9A19103F-16F7-4668-BE54-9A1E7A4F7556}") = "eCommerce.Models", "eCommerce.Models\eCommerce.Models.csproj", "{495E0E7F-3192-4866-BE88-B05070062841}"
EndProject
Project("{FAE04EC0-301F-11D3-BF4B-00C04F79EFBC}") = "eCommerce.Console", "eCommerce.Console\eCommerce.Console.csproj", "{9D876259-624C-473F-8C33-08C2F8AA0A34}"
EndProject
Project("{9A19103F-16F7-4668-BE54-9A1E7A4F7556}") = "eCommerce.Models.DataAnnotations", "eCommerce.Models.DataAnnotations\eCommerce.Models.DataAnnotations.csproj", "{D1B4D5F4-E2E1-44A9-82B5-27D86A6BE785}"
EndProject
Project("{FAE04EC0-301F-11D3-BF4B-00C04F79EFBC}") = "eCommerce.Models.FluentAPI", "eCommerce.Models.FluentAPI\eCommerce.Models.FluentAPI.csproj", "{493D71B2-A701-48A5-82F9-7CC1E6AEDBDD}"
EndProject
Project("{FAE04EC0-301F-11D3-BF4B-00C04F79EFBC}") = "eCommerce.Office", "eCommerce.Office\eCommerce.Office.csproj", "{17D38BEF-D214-45D6-A30E-56808006FF03}"
EndProject
Project("{FAE04EC0-301F-11D3-BF4B-00C04F79EFBC}") = "eCommerce.Console.Tracking", "eCommerce.Console.Tracking\eCommerce.Console.Tracking.csproj", "{6256A5FA-AFDA-48B6-B55E-131115D88C72}"
EndProject
Global
	GlobalSection(SolutionConfigurationPlatforms) = preSolution
		Debug|Any CPU = Debug|Any CPU
		Release|Any CPU = Release|Any CPU
	EndGlobalSection
	GlobalSection(ProjectConfigurationPlatforms) = postSolution
		{D68E1979-AC31-4A51-A9B0-857DDC50146A}.Debug|Any CPU.ActiveCfg = Debug|Any CPU
		{D68E1979-AC31-4A51-A9B0-857DDC50146A}.Debug|Any CPU.Build.0 = Debug|Any CPU
		{D68E1979-AC31-4A51-A9B0-857DDC50146A}.Release|Any CPU.ActiveCfg = Release|Any CPU
		{D68E1979-AC31-4A51-A9B0-857DDC50146A}.Release|Any CPU.Build.0 = Release|Any CPU
		{495E0E7F-3192-4866-BE88-B05070062841}.Debug|Any CPU.ActiveCfg = Debug|Any CPU
		{495E0E7F-3192-4866-BE88-B05070062841}.Debug|Any CPU.Build.0 = Debug|Any CPU
		{495E0E7F-3192-4866-BE88-B05070062841}.Release|Any CPU.ActiveCfg = Release|Any CPU
		{495E0E7F-3192-4866-BE88-B05070062841}.Release|Any CPU.Build.0 = Release|Any CPU
		{9D876259-624C-473F-8C33-08C2F8AA0A34}.Debug|Any CPU.ActiveCfg = Debug|Any CPU
		{9D876259-624C-473F-8C33-08C2F8AA0A34}.Debug|Any CPU.Build.0 = Debug|Any CPU
		{9D876259-624C-473F-8C33-08C2F8AA0A34}.Release|Any CPU.ActiveCfg = Release|Any CPU
		{9D876259-624C-473F-8C33-08C2F8AA0A34}.Release|Any CPU.Build.0 = Release|Any CPU
		{D1B4D5F4-E2E1-44A9-82B5-27D86A6BE785}.Debug|Any CPU.ActiveCfg = Debug|Any CPU
		{D1B4D5F4-E2E1-44A9-82B5-27D86A6BE785}.Debug|Any CPU.Build.0 = Debug|Any CPU
		{D1B4D5F4-E2E1-44A9-82B5-27D86A6BE785}.Release|Any CPU.ActiveCfg = Release|Any CPU
		{D1B4D5F4-E2E1-44A9-82B5-27D86A6BE785}.Release|Any CPU.Build.0 = Release|Any CPU
		{493D71B2-A701-48A5-82F9-7CC1E6AEDBDD}.Debug|Any CPU.ActiveCfg = Debug|Any CPU
		{493D71B2-A701-48A5-82F9-7CC1E6AEDBDD}.Debug|Any CPU.Build.0 = Debug|Any CPU
		{493D71B2-A701-48A5-82F9-7CC1E6AEDBDD}.Release|Any CPU.ActiveCfg = Release|Any CPU
		{493D71B2-A701-48A5-82F9-7CC1E6AEDBDD}.Release|Any CPU.Build.0 = Release|Any CPU
		{17D38BEF-D214-45D6-A30E-56808006FF03}.Debug|Any CPU.ActiveCfg = Debug|Any CPU
		{17D38BEF-D214-45D6-A30E-56808006FF03}.Debug|Any CPU.Build.0 = Debug|Any CPU
		{17D38BEF-D214-45D6-A30E-56808006FF03}.Release|Any CPU.ActiveCfg = Release|Any CPU
		{17D38BEF-D214-45D6-A30E-56808006FF03}.Release|Any CPU.Build.0 = Release|Any CPU
		{6256A5FA-AFDA-48B6-B55E-131115D88C72}.Debug|Any CPU.ActiveCfg = Debug|Any CPU
		{6256A5FA-AFDA-48B6-B55E-131115D88C72}.Debug|Any CPU.Build.0 = Debug|Any CPU
		{6256A5FA-AFDA-48B6-B55E-131115D88C72}.Release|Any CPU.ActiveCfg = Release|Any CPU
		{6256A5FA-AFDA-48B6-B55E-131115D88C72}.Release|Any CPU.Build.0 = Release|Any CPU
	EndGlobalSection
	GlobalSection(SolutionProperties) = preSolution
		HideSolutionNode = FALSE
	EndGlobalSection
	GlobalSection(ExtensibilityGlobals) = postSolution
		SolutionGuid = {C4619691-E2A2-4790-AF7D-2E23DEC6EFB5}
	EndGlobalSection
EndGlobal
